
Microsoft Visual Studio Solution File, Format Version 12.00
# Visual Studio Version 17
VisualStudioVersion = 17.6.33815.320
MinimumVisualStudioVersion = 10.0.40219.1
Project("{FAE04EC0-301F-11D3-BF4B-00C04F79EFBC}") = "Lethalhack", "Lethalhack.csproj", "{C7B0350A-A43B-48AA-83BE-BC0DF848759E}"
EndProject
Global
	GlobalSection(SolutionConfigurationPlatforms) = preSolution
		Debug|Any CPU = Debug|Any CPU
		Release|Any CPU = Release|Any CPU
	EndGlobalSection
	GlobalSection(ProjectConfigurationPlatforms) = postSolution
		{C7B0350A-A43B-48AA-83BE-BC0DF848759E}.Debug|Any CPU.ActiveCfg = Debug|Any CPU
		{C7B0350A-A43B-48AA-83BE-BC0DF848759E}.Debug|Any CPU.Build.0 = Debug|Any CPU
		{C7B0350A-A43B-48AA-83BE-BC0DF848759E}.Release|Any CPU.ActiveCfg = Release|Any CPU
		{C7B0350A-A43B-48AA-83BE-BC0DF848759E}.Release|Any CPU.Build.0 = Release|Any CPU
	EndGlobalSection
	GlobalSection(SolutionProperties) = preSolution
		HideSolutionNode = FALSE
	EndGlobalSection
	GlobalSection(ExtensibilityGlobals) = postSolution
		SolutionGuid = {AE4B0685-48F0-42AF-B143-189F4679D9FB}
	EndGlobalSection
EndGlobal
